
Microsoft Visual Studio Solution File, Format Version 12.00
# Visual Studio Version 16
VisualStudioVersion = 16.0.33214.272
MinimumVisualStudioVersion = 10.0.40219.1
Project("{FAE04EC0-301F-11D3-BF4B-00C04F79EFBC}") = "Mission04__jhalver6", "Mission04__jhalver6\Mission04__jhalver6.csproj", "{C6155435-D973-4B40-8F29-69765A02BF4F}"
EndProject
Global
	GlobalSection(SolutionConfigurationPlatforms) = preSolution
		Debug|Any CPU = Debug|Any CPU
		Release|Any CPU = Release|Any CPU
	EndGlobalSection
	GlobalSection(ProjectConfigurationPlatforms) = postSolution
		{C6155435-D973-4B40-8F29-69765A02BF4F}.Debug|Any CPU.ActiveCfg = Debug|Any CPU
		{C6155435-D973-4B40-8F29-69765A02BF4F}.Debug|Any CPU.Build.0 = Debug|Any CPU
		{C6155435-D973-4B40-8F29-69765A02BF4F}.Release|Any CPU.ActiveCfg = Release|Any CPU
		{C6155435-D973-4B40-8F29-69765A02BF4F}.Release|Any CPU.Build.0 = Release|Any CPU
	EndGlobalSection
	GlobalSection(SolutionProperties) = preSolution
		HideSolutionNode = FALSE
	EndGlobalSection
	GlobalSection(ExtensibilityGlobals) = postSolution
		SolutionGuid = {651FBB4D-FFCE-4045-B112-814C731C801E}
	EndGlobalSection
EndGlobal
